
Microsoft Visual Studio Solution File, Format Version 12.00
# Visual Studio 15
VisualStudioVersion = 15.0.28010.2046
MinimumVisualStudioVersion = 10.0.40219.1
Project("{FAE04EC0-301F-11D3-BF4B-00C04F79EFBC}") = "WpfApp1", "WpfApp1\WpfApp1.csproj", "{0E4CF2D9-6B03-4D0D-8DA8-FD1121EBFEBD}"
EndProject
Global
	GlobalSection(SolutionConfigurationPlatforms) = preSolution
		Debug|Any CPU = Debug|Any CPU
		Release|Any CPU = Release|Any CPU
	EndGlobalSection
	GlobalSection(ProjectConfigurationPlatforms) = postSolution
		{0E4CF2D9-6B03-4D0D-8DA8-FD1121EBFEBD}.Debug|Any CPU.ActiveCfg = Debug|Any CPU
		{0E4CF2D9-6B03-4D0D-8DA8-FD1121EBFEBD}.Debug|Any CPU.Build.0 = Debug|Any CPU
		{0E4CF2D9-6B03-4D0D-8DA8-FD1121EBFEBD}.Release|Any CPU.ActiveCfg = Release|Any CPU
		{0E4CF2D9-6B03-4D0D-8DA8-FD1121EBFEBD}.Release|Any CPU.Build.0 = Release|Any CPU
	EndGlobalSection
	GlobalSection(SolutionProperties) = preSolution
		HideSolutionNode = FALSE
	EndGlobalSection
	GlobalSection(ExtensibilityGlobals) = postSolution
		SolutionGuid = {39544292-9F1C-484E-9840-9C15972A9CDC}
	EndGlobalSection
EndGlobal
